
Microsoft Visual Studio Solution File, Format Version 12.00
# Visual Studio Version 16
VisualStudioVersion = 16.0.30907.101
MinimumVisualStudioVersion = 10.0.40219.1
Project("{2150E333-8FDC-42A3-9474-1A3956D46DE8}") = "Application", "Application", "{7613830B-3498-40C3-B047-5589DAE9972E}"
ProjectSection(SolutionItems) = preProject
	.gitignore = .gitignore
EndProjectSection
EndProject
Project("{2150E333-8FDC-42A3-9474-1A3956D46DE8}") = "Domain", "Domain", "{941C1398-B530-469F-AC1F-06415B51E86A}"
EndProject
Project("{2150E333-8FDC-42A3-9474-1A3956D46DE8}") = "Infrastructure", "Infrastructure", "{C01F4FDA-22BF-4EE6-90C8-5FF0BBEBE231}"
EndProject
Project("{2150E333-8FDC-42A3-9474-1A3956D46DE8}") = "Data", "Data", "{F2FDAD8D-8B84-446D-B54F-4A9F6769B7D9}"
EndProject
Project("{2150E333-8FDC-42A3-9474-1A3956D46DE8}") = "IoC", "IoC", "{B3DA2781-B602-427F-86B2-DA402395CA52}"
EndProject
Project("{2150E333-8FDC-42A3-9474-1A3956D46DE8}") = "UI", "UI", "{3DAEA8A0-DA3D-43C6-A51F-CFAA969C9E39}"
EndProject
Project("{9A19103F-16F7-4668-BE54-9A1E7A4F7556}") = "CleanArchitecture.Domain", "CleanArchitecture.Domain\CleanArchitecture.Domain.csproj", "{3E6317DF-A010-4783-AB35-704CE9986CE5}"
EndProject
Project("{9A19103F-16F7-4668-BE54-9A1E7A4F7556}") = "CleanArchitecture.Infastructure.Data", "CleanArchitecture.Infastructure.Data\CleanArchitecture.Infastructure.Data.csproj", "{DCBADD5B-2C5A-4A0E-A390-E9CEACC1F9D8}"
EndProject
Project("{9A19103F-16F7-4668-BE54-9A1E7A4F7556}") = "CleanArchitecture.Application", "CleanArchitecture.Application\CleanArchitecture.Application.csproj", "{CBB9D821-A17D-4687-BAB4-0658DE6846D1}"
EndProject
Project("{9A19103F-16F7-4668-BE54-9A1E7A4F7556}") = "CleanArchitecture.Infastructure.IoC", "CleanArchitecture.Infastructure.IoC\CleanArchitecture.Infastructure.IoC.csproj", "{89EB3142-75F1-4245-AABE-A382EDA42841}"
EndProject
Project("{9A19103F-16F7-4668-BE54-9A1E7A4F7556}") = "CleanArchitecture.API", "CleanArchitecture.API\CleanArchitecture.API.csproj", "{2AA5285E-615F-4B08-9FC8-B3111234BE56}"
EndProject
Project("{2150E333-8FDC-42A3-9474-1A3956D46DE8}") = "API", "API", "{1DB8D1C9-67E1-4EC2-8799-13CC3A861A44}"
EndProject
Project("{2150E333-8FDC-42A3-9474-1A3956D46DE8}") = "MVC", "MVC", "{7420A85D-15F4-4440-B1D8-0865D649596C}"
EndProject
Project("{2150E333-8FDC-42A3-9474-1A3956D46DE8}") = "IdentityServer", "IdentityServer", "{2BBF2213-E61E-4E3D-AB03-DA04876C5C4E}"
EndProject
Project("{FAE04EC0-301F-11D3-BF4B-00C04F79EFBC}") = "IdentityServer", "CleanArchitecture.Infastructure.Identity\IdentityServer.csproj", "{0EA7A1DB-8C1E-431D-ABD6-9A077A80D8E4}"
EndProject
Project("{FAE04EC0-301F-11D3-BF4B-00C04F79EFBC}") = "MVC1", "MVC1\MVC1.csproj", "{83ADCC85-C9FD-46A3-9DB9-FAB62052C4C3}"
EndProject
Global
	GlobalSection(SolutionConfigurationPlatforms) = preSolution
		Debug|Any CPU = Debug|Any CPU
		Release|Any CPU = Release|Any CPU
	EndGlobalSection
	GlobalSection(ProjectConfigurationPlatforms) = postSolution
		{3E6317DF-A010-4783-AB35-704CE9986CE5}.Debug|Any CPU.ActiveCfg = Debug|Any CPU
		{3E6317DF-A010-4783-AB35-704CE9986CE5}.Debug|Any CPU.Build.0 = Debug|Any CPU
		{3E6317DF-A010-4783-AB35-704CE9986CE5}.Release|Any CPU.ActiveCfg = Release|Any CPU
		{3E6317DF-A010-4783-AB35-704CE9986CE5}.Release|Any CPU.Build.0 = Release|Any CPU
		{DCBADD5B-2C5A-4A0E-A390-E9CEACC1F9D8}.Debug|Any CPU.ActiveCfg = Debug|Any CPU
		{DCBADD5B-2C5A-4A0E-A390-E9CEACC1F9D8}.Debug|Any CPU.Build.0 = Debug|Any CPU
		{DCBADD5B-2C5A-4A0E-A390-E9CEACC1F9D8}.Release|Any CPU.ActiveCfg = Release|Any CPU
		{DCBADD5B-2C5A-4A0E-A390-E9CEACC1F9D8}.Release|Any CPU.Build.0 = Release|Any CPU
		{CBB9D821-A17D-4687-BAB4-0658DE6846D1}.Debug|Any CPU.ActiveCfg = Debug|Any CPU
		{CBB9D821-A17D-4687-BAB4-0658DE6846D1}.Debug|Any CPU.Build.0 = Debug|Any CPU
		{CBB9D821-A17D-4687-BAB4-0658DE6846D1}.Release|Any CPU.ActiveCfg = Release|Any CPU
		{CBB9D821-A17D-4687-BAB4-0658DE6846D1}.Release|Any CPU.Build.0 = Release|Any CPU
		{89EB3142-75F1-4245-AABE-A382EDA42841}.Debug|Any CPU.ActiveCfg = Debug|Any CPU
		{89EB3142-75F1-4245-AABE-A382EDA42841}.Debug|Any CPU.Build.0 = Debug|Any CPU
		{89EB3142-75F1-4245-AABE-A382EDA42841}.Release|Any CPU.ActiveCfg = Release|Any CPU
		{89EB3142-75F1-4245-AABE-A382EDA42841}.Release|Any CPU.Build.0 = Release|Any CPU
		{2AA5285E-615F-4B08-9FC8-B3111234BE56}.Debug|Any CPU.ActiveCfg = Debug|Any CPU
		{2AA5285E-615F-4B08-9FC8-B3111234BE56}.Debug|Any CPU.Build.0 = Debug|Any CPU
		{2AA5285E-615F-4B08-9FC8-B3111234BE56}.Release|Any CPU.ActiveCfg = Release|Any CPU
		{2AA5285E-615F-4B08-9FC8-B3111234BE56}.Release|Any CPU.Build.0 = Release|Any CPU
		{0EA7A1DB-8C1E-431D-ABD6-9A077A80D8E4}.Debug|Any CPU.ActiveCfg = Debug|Any CPU
		{0EA7A1DB-8C1E-431D-ABD6-9A077A80D8E4}.Debug|Any CPU.Build.0 = Debug|Any CPU
		{0EA7A1DB-8C1E-431D-ABD6-9A077A80D8E4}.Release|Any CPU.ActiveCfg = Release|Any CPU
		{0EA7A1DB-8C1E-431D-ABD6-9A077A80D8E4}.Release|Any CPU.Build.0 = Release|Any CPU
		{83ADCC85-C9FD-46A3-9DB9-FAB62052C4C3}.Debug|Any CPU.ActiveCfg = Debug|Any CPU
		{83ADCC85-C9FD-46A3-9DB9-FAB62052C4C3}.Debug|Any CPU.Build.0 = Debug|Any CPU
		{83ADCC85-C9FD-46A3-9DB9-FAB62052C4C3}.Release|Any CPU.ActiveCfg = Release|Any CPU
		{83ADCC85-C9FD-46A3-9DB9-FAB62052C4C3}.Release|Any CPU.Build.0 = Release|Any CPU
	EndGlobalSection
	GlobalSection(SolutionProperties) = preSolution
		HideSolutionNode = FALSE
	EndGlobalSection
	GlobalSection(NestedProjects) = preSolution
		{F2FDAD8D-8B84-446D-B54F-4A9F6769B7D9} = {C01F4FDA-22BF-4EE6-90C8-5FF0BBEBE231}
		{B3DA2781-B602-427F-86B2-DA402395CA52} = {C01F4FDA-22BF-4EE6-90C8-5FF0BBEBE231}
		{3E6317DF-A010-4783-AB35-704CE9986CE5} = {941C1398-B530-469F-AC1F-06415B51E86A}
		{DCBADD5B-2C5A-4A0E-A390-E9CEACC1F9D8} = {F2FDAD8D-8B84-446D-B54F-4A9F6769B7D9}
		{CBB9D821-A17D-4687-BAB4-0658DE6846D1} = {7613830B-3498-40C3-B047-5589DAE9972E}
		{89EB3142-75F1-4245-AABE-A382EDA42841} = {B3DA2781-B602-427F-86B2-DA402395CA52}
		{2AA5285E-615F-4B08-9FC8-B3111234BE56} = {1DB8D1C9-67E1-4EC2-8799-13CC3A861A44}
		{1DB8D1C9-67E1-4EC2-8799-13CC3A861A44} = {3DAEA8A0-DA3D-43C6-A51F-CFAA969C9E39}
		{7420A85D-15F4-4440-B1D8-0865D649596C} = {3DAEA8A0-DA3D-43C6-A51F-CFAA969C9E39}
		{0EA7A1DB-8C1E-431D-ABD6-9A077A80D8E4} = {2BBF2213-E61E-4E3D-AB03-DA04876C5C4E}
		{83ADCC85-C9FD-46A3-9DB9-FAB62052C4C3} = {7420A85D-15F4-4440-B1D8-0865D649596C}
	EndGlobalSection
	GlobalSection(ExtensibilityGlobals) = postSolution
		SolutionGuid = {F4FFA5E5-91D1-4C35-9822-536EBE39EABD}
	EndGlobalSection
EndGlobal
